{
    "_readme": [
        "This file locks the dependencies of your project to a known state",
        "Read more about it at https://getcomposer.org/doc/01-basic-usage.md#composer-lock-the-lock-file",
        "This file is @generated automatically"
    ],
    "hash": "a5756e392db1095df1ceed40e03473df",
    "content-hash": "d02467d6665557aca81a37a65e751dba",
    "packages": [
        {
            "name": "clevertech/yii-booster",
            "version": "v4.0.1",
            "source": {
                "type": "git",
                "url": "https://github.com/clevertech/YiiBooster.git",
                "reference": "e0f9f68cfab70a4d7663f2857159dfeda4e15433"
            },
            "dist": {
                "type": "zip",
                "url": "https://api.github.com/repos/clevertech/YiiBooster/zipball/e0f9f68cfab70a4d7663f2857159dfeda4e15433",
                "reference": "e0f9f68cfab70a4d7663f2857159dfeda4e15433",
                "shasum": ""
            },
            "require": {
                "php": ">=5.4.0"
            },
            "require-dev": {
                "ardem/yii-coding-standard": "dev-master",
                "mayflower/php-codebrowser": "1.*",
                "ncuesta/pinocchio": "dev-master",
                "phploc/phploc": "2.*",
                "phpunit/phpunit": "3.7.*",
                "sebastian/phpcpd": "2.*",
                "squizlabs/php_codesniffer": "1.*",
                "yiisoft/yii": "1.1.14"
            },
            "type": "library",
            "notification-url": "https://packagist.org/downloads/",
            "license": [
                "BSD-2-Clause"
            ],
            "authors": [
                {
                    "name": "Antonio Ramirez",
                    "email": "amigo.cobos@gmail.com",
                    "homepage": "http://www.ramirezcobos.com",
                    "role": "Founder and development"
                },
                {
                    "name": "Saphronov Mark",
                    "email": "hijarian@gmail.com",
                    "homepage": "http://about.me/hijarian"
                },
                {
                    "name": "Ruslan Fadeev"
                },
                {
                    "name": "Amr Bedair",
                    "email": "amr.bedair@gmail.com",
                    "homepage": "http://amr.nefya.com"
                }
            ],
            "description": "Widget toolkit for Yii framework",
            "homepage": "http://yiibooster.clevertech.biz/",
            "keywords": [
                "bootstrap",
                "yii"
            ],
            "time": "2014-06-06 19:38:18"
        },
        {
            "name": "twig/twig",
            "version": "v1.24.1",
            "source": {
                "type": "git",
                "url": "https://github.com/twigphp/Twig.git",
                "reference": "3566d311a92aae4deec6e48682dc5a4528c4a512"
            },
            "dist": {
                "type": "zip",
                "url": "https://api.github.com/repos/twigphp/Twig/zipball/3566d311a92aae4deec6e48682dc5a4528c4a512",
                "reference": "3566d311a92aae4deec6e48682dc5a4528c4a512",
                "shasum": ""
            },
            "require": {
                "php": ">=5.2.7"
            },
            "require-dev": {
                "symfony/debug": "~2.7",
                "symfony/phpunit-bridge": "~2.7"
            },
            "type": "library",
            "extra": {
                "branch-alias": {
                    "dev-master": "1.24-dev"
                }
            },
            "autoload": {
                "psr-0": {
                    "Twig_": "lib/"
                }
            },
            "notification-url": "https://packagist.org/downloads/",
            "license": [
                "BSD-3-Clause"
            ],
            "authors": [
                {
                    "name": "Fabien Potencier",
                    "email": "fabien@symfony.com",
                    "homepage": "http://fabien.potencier.org",
                    "role": "Lead Developer"
                },
                {
                    "name": "Armin Ronacher",
                    "email": "armin.ronacher@active-4.com",
                    "role": "Project Founder"
                },
                {
                    "name": "Twig Team",
                    "homepage": "http://twig.sensiolabs.org/contributors",
                    "role": "Contributors"
                }
            ],
            "description": "Twig, the flexible, fast, and secure template language for PHP",
            "homepage": "http://twig.sensiolabs.org",
            "keywords": [
                "templating"
            ],
            "time": "2016-05-30 09:11:59"
        },
        {
            "name": "yiisoft/yii",
            "version": "1.1.17",
            "source": {
                "type": "git",
                "url": "https://github.com/yiisoft/yii.git",
                "reference": "467ff50a77bf7030a168defc1d47f446136d6228"
            },
            "dist": {
                "type": "zip",
                "url": "https://api.github.com/repos/yiisoft/yii/zipball/467ff50a77bf7030a168defc1d47f446136d6228",
                "reference": "467ff50a77bf7030a168defc1d47f446136d6228",
                "shasum": ""
            },
            "require": {
                "php": ">=5.1.0"
            },
            "bin": [
                "framework/yiic"
            ],
            "type": "library",
            "autoload": {
                "classmap": [
                    "framework/YiiBase.php",
                    "framework/yii.php"
                ]
            },
            "notification-url": "https://packagist.org/downloads/",
            "license": [
                "BSD-3-Clause"
            ],
            "authors": [
                {
                    "name": "Qiang Xue",
                    "email": "qiang.xue@gmail.com",
                    "homepage": "http://www.yiiframework.com/",
                    "role": "Founder and project lead"
                },
                {
                    "name": "Alexander Makarov",
                    "email": "sam@rmcreative.ru",
                    "homepage": "http://rmcreative.ru/",
                    "role": "Core framework development"
                },
                {
                    "name": "Maurizio Domba",
                    "homepage": "http://mdomba.info/",
                    "role": "Core framework development"
                },
                {
                    "name": "Carsten Brandt",
                    "email": "mail@cebe.cc",
                    "homepage": "http://cebe.cc/",
                    "role": "Core framework development"
                },
                {
                    "name": "Wei Zhuo",
                    "email": "weizhuo@gmail.com",
                    "role": "Project site maintenance and development"
                },
                {
                    "name": "Sebastián Thierer",
                    "email": "sebas@artfos.com",
                    "role": "Component development"
                },
                {
                    "name": "Jeffrey Winesett",
                    "email": "jefftulsa@gmail.com",
                    "role": "Documentation and marketing"
                },
                {
                    "name": "Timur Ruziev",
                    "email": "resurtm@gmail.com",
                    "homepage": "http://resurtm.com/",
                    "role": "Core framework development"
                },
                {
                    "name": "Paul Klimov",
                    "email": "klimov.paul@gmail.com",
                    "role": "Core framework development"
                }
            ],
            "description": "Yii Web Programming Framework",
            "homepage": "http://www.yiiframework.com/",
            "keywords": [
                "framework",
                "yii"
            ],
            "time": "2016-01-13 16:23:58"
        }
    ],
    "packages-dev": [],
    "aliases": [],
    "minimum-stability": "stable",
    "stability-flags": [],
    "prefer-stable": false,
    "prefer-lowest": false,
    "platform": [],
    "platform-dev": []
}
